
Microsoft Visual Studio Solution File, Format Version 12.00
# Visual Studio Version 16
VisualStudioVersion = 16.0.31624.102
MinimumVisualStudioVersion = 10.0.40219.1
Project("{FAE04EC0-301F-11D3-BF4B-00C04F79EFBC}") = "CineTec.Backend", "CineTec.Backend.csproj", "{547ABD9A-AECE-4BD2-BB2C-3D92D2B92064}"
EndProject
Global
	GlobalSection(SolutionConfigurationPlatforms) = preSolution
		Debug|Any CPU = Debug|Any CPU
		Release|Any CPU = Release|Any CPU
	EndGlobalSection
	GlobalSection(ProjectConfigurationPlatforms) = postSolution
		{547ABD9A-AECE-4BD2-BB2C-3D92D2B92064}.Debug|Any CPU.ActiveCfg = Debug|Any CPU
		{547ABD9A-AECE-4BD2-BB2C-3D92D2B92064}.Debug|Any CPU.Build.0 = Debug|Any CPU
		{547ABD9A-AECE-4BD2-BB2C-3D92D2B92064}.Release|Any CPU.ActiveCfg = Release|Any CPU
		{547ABD9A-AECE-4BD2-BB2C-3D92D2B92064}.Release|Any CPU.Build.0 = Release|Any CPU
	EndGlobalSection
	GlobalSection(SolutionProperties) = preSolution
		HideSolutionNode = FALSE
	EndGlobalSection
	GlobalSection(ExtensibilityGlobals) = postSolution
		SolutionGuid = {CDA60755-F5EF-4E14-BBB4-D4880ED866F8}
	EndGlobalSection
EndGlobal
